
Microsoft Visual Studio Solution File, Format Version 12.00
# Visual Studio Version 17
VisualStudioVersion = 17.9.34728.123
MinimumVisualStudioVersion = 10.0.40219.1
Project("{9A19103F-16F7-4668-BE54-9A1E7A4F7556}") = "Trademark2024", "Trademark2024\Trademark2024.csproj", "{5852D7A6-7AE6-4280-BD45-B99968A0508C}"
EndProject
Global
	GlobalSection(SolutionConfigurationPlatforms) = preSolution
		Debug|Any CPU = Debug|Any CPU
		Release|Any CPU = Release|Any CPU
	EndGlobalSection
	GlobalSection(ProjectConfigurationPlatforms) = postSolution
		{5852D7A6-7AE6-4280-BD45-B99968A0508C}.Debug|Any CPU.ActiveCfg = Debug|Any CPU
		{5852D7A6-7AE6-4280-BD45-B99968A0508C}.Debug|Any CPU.Build.0 = Debug|Any CPU
		{5852D7A6-7AE6-4280-BD45-B99968A0508C}.Release|Any CPU.ActiveCfg = Release|Any CPU
		{5852D7A6-7AE6-4280-BD45-B99968A0508C}.Release|Any CPU.Build.0 = Release|Any CPU
	EndGlobalSection
	GlobalSection(SolutionProperties) = preSolution
		HideSolutionNode = FALSE
	EndGlobalSection
	GlobalSection(ExtensibilityGlobals) = postSolution
		SolutionGuid = {0318F99D-BB35-4F7E-B7A5-D4977354B3D3}
	EndGlobalSection
EndGlobal
